
Microsoft Visual Studio Solution File, Format Version 9.00
# Visual Studio 2005
Project("{FAE04EC0-301F-11D3-BF4B-00C04F79EFBC}") = "WiimoteTest", "WiimoteTest\WiimoteTest.csproj", "{48223EAB-B2E0-4A64-9074-4444662EB693}"
EndProject
Project("{FAE04EC0-301F-11D3-BF4B-00C04F79EFBC}") = "WiimoteLib", "WiimoteLib\WiimoteLib.csproj", "{37A555DF-7012-4B99-8A47-1C922A361E52}"
EndProject
Project("{FAE04EC0-301F-11D3-BF4B-00C04F79EFBC}") = "Wii3d", "Wii3d\Wii3d.csproj", "{03FBC2D7-3446-4724-9CA3-1B108048B07B}"
	ProjectSection(ProjectDependencies) = postProject
		{37A555DF-7012-4B99-8A47-1C922A361E52} = {37A555DF-7012-4B99-8A47-1C922A361E52}
	EndProjectSection
EndProject
Global
	GlobalSection(SolutionConfigurationPlatforms) = preSolution
		Debug|Any CPU = Debug|Any CPU
		Debug|Mixed Platforms = Debug|Mixed Platforms
		Debug|Win32 = Debug|Win32
		Release|Any CPU = Release|Any CPU
		Release|Mixed Platforms = Release|Mixed Platforms
		Release|Win32 = Release|Win32
	EndGlobalSection
	GlobalSection(ProjectConfigurationPlatforms) = postSolution
		{48223EAB-B2E0-4A64-9074-4444662EB693}.Debug|Any CPU.ActiveCfg = Debug|Any CPU
		{48223EAB-B2E0-4A64-9074-4444662EB693}.Debug|Any CPU.Build.0 = Debug|Any CPU
		{48223EAB-B2E0-4A64-9074-4444662EB693}.Debug|Mixed Platforms.ActiveCfg = Debug|Any CPU
		{48223EAB-B2E0-4A64-9074-4444662EB693}.Debug|Mixed Platforms.Build.0 = Debug|Any CPU
		{48223EAB-B2E0-4A64-9074-4444662EB693}.Debug|Win32.ActiveCfg = Debug|Any CPU
		{48223EAB-B2E0-4A64-9074-4444662EB693}.Release|Any CPU.ActiveCfg = Release|Any CPU
		{48223EAB-B2E0-4A64-9074-4444662EB693}.Release|Any CPU.Build.0 = Release|Any CPU
		{48223EAB-B2E0-4A64-9074-4444662EB693}.Release|Mixed Platforms.ActiveCfg = Release|Any CPU
		{48223EAB-B2E0-4A64-9074-4444662EB693}.Release|Mixed Platforms.Build.0 = Release|Any CPU
		{48223EAB-B2E0-4A64-9074-4444662EB693}.Release|Win32.ActiveCfg = Release|Any CPU
		{37A555DF-7012-4B99-8A47-1C922A361E52}.Debug|Any CPU.ActiveCfg = Debug|Any CPU
		{37A555DF-7012-4B99-8A47-1C922A361E52}.Debug|Any CPU.Build.0 = Debug|Any CPU
		{37A555DF-7012-4B99-8A47-1C922A361E52}.Debug|Mixed Platforms.ActiveCfg = Debug|x86
		{37A555DF-7012-4B99-8A47-1C922A361E52}.Debug|Mixed Platforms.Build.0 = Debug|x86
		{37A555DF-7012-4B99-8A47-1C922A361E52}.Debug|Win32.ActiveCfg = Debug|x86
		{37A555DF-7012-4B99-8A47-1C922A361E52}.Release|Any CPU.ActiveCfg = Release|Any CPU
		{37A555DF-7012-4B99-8A47-1C922A361E52}.Release|Any CPU.Build.0 = Release|Any CPU
		{37A555DF-7012-4B99-8A47-1C922A361E52}.Release|Mixed Platforms.ActiveCfg = Release|x86
		{37A555DF-7012-4B99-8A47-1C922A361E52}.Release|Mixed Platforms.Build.0 = Release|x86
		{37A555DF-7012-4B99-8A47-1C922A361E52}.Release|Win32.ActiveCfg = Release|x86
		{03FBC2D7-3446-4724-9CA3-1B108048B07B}.Debug|Any CPU.ActiveCfg = Debug|Any CPU
		{03FBC2D7-3446-4724-9CA3-1B108048B07B}.Debug|Any CPU.Build.0 = Debug|Any CPU
		{03FBC2D7-3446-4724-9CA3-1B108048B07B}.Debug|Mixed Platforms.ActiveCfg = Debug|Any CPU
		{03FBC2D7-3446-4724-9CA3-1B108048B07B}.Debug|Mixed Platforms.Build.0 = Debug|Any CPU
		{03FBC2D7-3446-4724-9CA3-1B108048B07B}.Debug|Win32.ActiveCfg = Debug|Any CPU
		{03FBC2D7-3446-4724-9CA3-1B108048B07B}.Release|Any CPU.ActiveCfg = Release|Any CPU
		{03FBC2D7-3446-4724-9CA3-1B108048B07B}.Release|Any CPU.Build.0 = Release|Any CPU
		{03FBC2D7-3446-4724-9CA3-1B108048B07B}.Release|Mixed Platforms.ActiveCfg = Release|Any CPU
		{03FBC2D7-3446-4724-9CA3-1B108048B07B}.Release|Mixed Platforms.Build.0 = Release|Any CPU
		{03FBC2D7-3446-4724-9CA3-1B108048B07B}.Release|Win32.ActiveCfg = Release|Any CPU
	EndGlobalSection
	GlobalSection(SolutionProperties) = preSolution
		HideSolutionNode = FALSE
	EndGlobalSection
	GlobalSection(VaultVsipSolution-v2) = preSolution
		VaultHost = http://vault.brianpeek.com/VaultService
		VaultRepositoryID = 3
		VaultRepositoryGUID = fbcaea64-807b-4669-86c0-1931aeffccda
		ProjectCount = 2
		ProjectRelativeDiskPath1 = WiimoteTest\WiimoteTest.csproj
		ProjectRelativeDiskPath2 = WiimoteLib\WiimoteLib.csproj
	EndGlobalSection
EndGlobal
